{"is_source_file": false, "format": "", "description": "", "external_files": [], "external_methods": [], "published": [], "classes": [], "methods": [], "calls": [], "search-terms": [], "state": 2, "file_id": 108, "knowledge_revision": 243, "git_revision": "", "hash": "b5556a07affd63cce24533d591832cbb", "format-version": 4, "code-base-name": "default", "filename": "tic_tac_toe/macos/Runner.xcodeproj/project.pbxproj", "revision_history": [{"243": ""}]}