{"is_source_file": false, "format": "", "description": "", "external_files": [], "external_methods": [], "published": [], "classes": [], "methods": [], "calls": [], "search-terms": [], "state": 2, "file_id": 5, "knowledge_revision": 140, "git_revision": "", "hash": "79f024ce59e0eef09b5c11e5b987b604", "format-version": 4, "code-base-name": "default", "filename": "tic_tac_toe/ios/Runner.xcodeproj/project.pbxproj", "revision_history": [{"140": ""}]}